// !$*UTF8*$!
{
	archiveVersion = 1;
	classes = {
	};
	objectVersion = 55;
	objects = {

/* Begin PBXBuildFile section */
		C21F9275282E807700A84228 /* AppDelegate.swift in Sources */ = {isa = PBXBuildFile; fileRef = C21F9274282E807700A84228 /* AppDelegate.swift */; };
		C21F9277282E807700A84228 /* SceneDelegate.swift in Sources */ = {isa = PBXBuildFile; fileRef = C21F9276282E807700A84228 /* SceneDelegate.swift */; };
		C21F9279282E807700A84228 /* TabBarViewController.swift in Sources */ = {isa = PBXBuildFile; fileRef = C21F9278282E807700A84228 /* TabBarViewController.swift */; };
		C21F927E282E807800A84228 /* Assets.xcassets in Resources */ = {isa = PBXBuildFile; fileRef = C21F927D282E807800A84228 /* Assets.xcassets */; };
		C21F9290282E823800A84228 /* ImagesCollectionViewController.swift in Sources */ = {isa = PBXBuildFile; fileRef = C21F928F282E823800A84228 /* ImagesCollectionViewController.swift */; };
		C21F9292282E835800A84228 /* NetworkManager.swift in Sources */ = {isa = PBXBuildFile; fileRef = C21F9291282E835800A84228 /* NetworkManager.swift */; };
		C21F9294282E838B00A84228 /* Image.swift in Sources */ = {isa = PBXBuildFile; fileRef = C21F9293282E838B00A84228 /* Image.swift */; };
		C21F9297282E840A00A84228 /* Realm in Frameworks */ = {isa = PBXBuildFile; productRef = C21F9296282E840A00A84228 /* Realm */; };
		C21F9299282E840A00A84228 /* RealmSwift in Frameworks */ = {isa = PBXBuildFile; productRef = C21F9298282E840A00A84228 /* RealmSwift */; };
		C21F929C282E878B00A84228 /* imagesCollectionViewModel.swift in Sources */ = {isa = PBXBuildFile; fileRef = C21F929B282E878A00A84228 /* imagesCollectionViewModel.swift */; };
		C21F929E282E89F400A84228 /* ImageCollectionViewCell.swift in Sources */ = {isa = PBXBuildFile; fileRef = C21F929D282E89F400A84228 /* ImageCollectionViewCell.swift */; };
		C21F92A0282E8A6900A84228 /* PhotoView.swift in Sources */ = {isa = PBXBuildFile; fileRef = C21F929F282E8A6900A84228 /* PhotoView.swift */; };
		C21F92A2282E8B0F00A84228 /* ImageCollectionCellViewModel.swift in Sources */ = {isa = PBXBuildFile; fileRef = C21F92A1282E8B0F00A84228 /* ImageCollectionCellViewModel.swift */; };
/* End PBXBuildFile section */

/* Begin PBXFileReference section */
		C21F9271282E807700A84228 /* UnsplashAppMVVM.app */ = {isa = PBXFileReference; explicitFileType = wrapper.application; includeInIndex = 0; path = UnsplashAppMVVM.app; sourceTree = BUILT_PRODUCTS_DIR; };
		C21F9274282E807700A84228 /* AppDelegate.swift */ = {isa = PBXFileReference; lastKnownFileType = sourcecode.swift; path = AppDelegate.swift; sourceTree = "<group>"; };
		C21F9276282E807700A84228 /* SceneDelegate.swift */ = {isa = PBXFileReference; lastKnownFileType = sourcecode.swift; path = SceneDelegate.swift; sourceTree = "<group>"; };
		C21F9278282E807700A84228 /* TabBarViewController.swift */ = {isa = PBXFileReference; lastKnownFileType = sourcecode.swift; path = TabBarViewController.swift; sourceTree = "<group>"; };
		C21F927D282E807800A84228 /* Assets.xcassets */ = {isa = PBXFileReference; lastKnownFileType = folder.assetcatalog; path = Assets.xcassets; sourceTree = "<group>"; };
		C21F9282282E807800A84228 /* Info.plist */ = {isa = PBXFileReference; lastKnownFileType = text.plist.xml; path = Info.plist; sourceTree = "<group>"; };
		C21F928F282E823800A84228 /* ImagesCollectionViewController.swift */ = {isa = PBXFileReference; lastKnownFileType = sourcecode.swift; path = ImagesCollectionViewController.swift; sourceTree = "<group>"; };
		C21F9291282E835800A84228 /* NetworkManager.swift */ = {isa = PBXFileReference; lastKnownFileType = sourcecode.swift; path = NetworkManager.swift; sourceTree = "<group>"; };
		C21F9293282E838B00A84228 /* Image.swift */ = {isa = PBXFileReference; lastKnownFileType = sourcecode.swift; path = Image.swift; sourceTree = "<group>"; };
		C21F929B282E878A00A84228 /* imagesCollectionViewModel.swift */ = {isa = PBXFileReference; lastKnownFileType = sourcecode.swift; path = imagesCollectionViewModel.swift; sourceTree = "<group>"; };
		C21F929D282E89F400A84228 /* ImageCollectionViewCell.swift */ = {isa = PBXFileReference; lastKnownFileType = sourcecode.swift; path = ImageCollectionViewCell.swift; sourceTree = "<group>"; };
		C21F929F282E8A6900A84228 /* PhotoView.swift */ = {isa = PBXFileReference; lastKnownFileType = sourcecode.swift; path = PhotoView.swift; sourceTree = "<group>"; };
		C21F92A1282E8B0F00A84228 /* ImageCollectionCellViewModel.swift */ = {isa = PBXFileReference; lastKnownFileType = sourcecode.swift; path = ImageCollectionCellViewModel.swift; sourceTree = "<group>"; };
/* End PBXFileReference section */

/* Begin PBXFrameworksBuildPhase section */
		C21F926E282E807700A84228 /* Frameworks */ = {
			isa = PBXFrameworksBuildPhase;
			buildActionMask = 2147483647;
			files = (
				C21F9299282E840A00A84228 /* RealmSwift in Frameworks */,
				C21F9297282E840A00A84228 /* Realm in Frameworks */,
			);
			runOnlyForDeploymentPostprocessing = 0;
		};
/* End PBXFrameworksBuildPhase section */

/* Begin PBXGroup section */
		C21F9268282E807700A84228 = {
			isa = PBXGroup;
			children = (
				C21F9273282E807700A84228 /* UnsplashAppMVVM */,
				C21F9272282E807700A84228 /* Products */,
			);
			sourceTree = "<group>";
		};
		C21F9272282E807700A84228 /* Products */ = {
			isa = PBXGroup;
			children = (
				C21F9271282E807700A84228 /* UnsplashAppMVVM.app */,
			);
			name = Products;
			sourceTree = "<group>";
		};
		C21F9273282E807700A84228 /* UnsplashAppMVVM */ = {
			isa = PBXGroup;
			children = (
				C2D09287282F9E1A006B3763 /* Core UI */,
				C21F928C282E811200A84228 /* View */,
				C21F928B282E810500A84228 /* Models */,
				C21F928A282E80A900A84228 /* Services */,
				C21F9289282E809B00A84228 /* Resources */,
				C21F9288282E808D00A84228 /* App */,
			);
			path = UnsplashAppMVVM;
			sourceTree = "<group>";
		};
		C21F9288282E808D00A84228 /* App */ = {
			isa = PBXGroup;
			children = (
				C21F9274282E807700A84228 /* AppDelegate.swift */,
				C21F9276282E807700A84228 /* SceneDelegate.swift */,
				C21F9282282E807800A84228 /* Info.plist */,
			);
			path = App;
			sourceTree = "<group>";
		};
		C21F9289282E809B00A84228 /* Resources */ = {
			isa = PBXGroup;
			children = (
				C21F927D282E807800A84228 /* Assets.xcassets */,
			);
			path = Resources;
			sourceTree = "<group>";
		};
		C21F928A282E80A900A84228 /* Services */ = {
			isa = PBXGroup;
			children = (
				C21F9291282E835800A84228 /* NetworkManager.swift */,
			);
			path = Services;
			sourceTree = "<group>";
		};
		C21F928B282E810500A84228 /* Models */ = {
			isa = PBXGroup;
			children = (
				C21F9293282E838B00A84228 /* Image.swift */,
			);
			path = Models;
			sourceTree = "<group>";
		};
		C21F928C282E811200A84228 /* View */ = {
			isa = PBXGroup;
			children = (
				C21F928E282E81CF00A84228 /* ImagesCollection */,
				C2D09288282F9EB8006B3763 /* ImageDetails */,
				C21F928D282E81C600A84228 /* TabBar */,
			);
			path = View;
			sourceTree = "<group>";
		};
		C21F928D282E81C600A84228 /* TabBar */ = {
			isa = PBXGroup;
			children = (
				C21F9278282E807700A84228 /* TabBarViewController.swift */,
			);
			path = TabBar;
			sourceTree = "<group>";
		};
		C21F928E282E81CF00A84228 /* ImagesCollection */ = {
			isa = PBXGroup;
			children = (
				C21F929A282E870F00A84228 /* ImageCollectionCell */,
				C2D09286282F9DF6006B3763 /* ImageCollection */,
			);
			path = ImagesCollection;
			sourceTree = "<group>";
		};
		C21F929A282E870F00A84228 /* ImageCollectionCell */ = {
			isa = PBXGroup;
			children = (
				C21F929D282E89F400A84228 /* ImageCollectionViewCell.swift */,
				C21F92A1282E8B0F00A84228 /* ImageCollectionCellViewModel.swift */,
			);
			path = ImageCollectionCell;
			sourceTree = "<group>";
		};
		C2D09286282F9DF6006B3763 /* ImageCollection */ = {
			isa = PBXGroup;
			children = (
				C21F929B282E878A00A84228 /* imagesCollectionViewModel.swift */,
				C21F928F282E823800A84228 /* ImagesCollectionViewController.swift */,
			);
			path = ImageCollection;
			sourceTree = "<group>";
		};
		C2D09287282F9E1A006B3763 /* Core UI */ = {
			isa = PBXGroup;
			children = (
				C21F929F282E8A6900A84228 /* PhotoView.swift */,
			);
			path = "Core UI";
			sourceTree = "<group>";
		};
		C2D09288282F9EB8006B3763 /* ImageDetails */ = {
			isa = PBXGroup;
			children = (
			);
			path = ImageDetails;
			sourceTree = "<group>";
		};
/* End PBXGroup section */

/* Begin PBXNativeTarget section */
		C21F9270282E807700A84228 /* UnsplashAppMVVM */ = {
			isa = PBXNativeTarget;
			buildConfigurationList = C21F9285282E807800A84228 /* Build configuration list for PBXNativeTarget "UnsplashAppMVVM" */;
			buildPhases = (
				C21F926D282E807700A84228 /* Sources */,
				C21F926E282E807700A84228 /* Frameworks */,
				C21F926F282E807700A84228 /* Resources */,
			);
			buildRules = (
			);
			dependencies = (
			);
			name = UnsplashAppMVVM;
			packageProductDependencies = (
				C21F9296282E840A00A84228 /* Realm */,
				C21F9298282E840A00A84228 /* RealmSwift */,
			);
			productName = UnsplashAppMVVM;
			productReference = C21F9271282E807700A84228 /* UnsplashAppMVVM.app */;
			productType = "com.apple.product-type.application";
		};
/* End PBXNativeTarget section */

/* Begin PBXProject section */
		C21F9269282E807700A84228 /* Project object */ = {
			isa = PBXProject;
			attributes = {
				BuildIndependentTargetsInParallel = 1;
				LastSwiftUpdateCheck = 1330;
				LastUpgradeCheck = 1330;
				TargetAttributes = {
					C21F9270282E807700A84228 = {
						CreatedOnToolsVersion = 13.3.1;
					};
				};
			};
			buildConfigurationList = C21F926C282E807700A84228 /* Build configuration list for PBXProject "UnsplashAppMVVM" */;
			compatibilityVersion = "Xcode 13.0";
			developmentRegion = en;
			hasScannedForEncodings = 0;
			knownRegions = (
				en,
				Base,
			);
			mainGroup = C21F9268282E807700A84228;
			packageReferences = (
				C21F9295282E840A00A84228 /* XCRemoteSwiftPackageReference "realm-swift" */,
			);
			productRefGroup = C21F9272282E807700A84228 /* Products */;
			projectDirPath = "";
			projectRoot = "";
			targets = (
				C21F9270282E807700A84228 /* UnsplashAppMVVM */,
			);
		};
/* End PBXProject section */

/* Begin PBXResourcesBuildPhase section */
		C21F926F282E807700A84228 /* Resources */ = {
			isa = PBXResourcesBuildPhase;
			buildActionMask = 2147483647;
			files = (
				C21F927E282E807800A84228 /* Assets.xcassets in Resources */,
			);
			runOnlyForDeploymentPostprocessing = 0;
		};
/* End PBXResourcesBuildPhase section */

/* Begin PBXSourcesBuildPhase section */
		C21F926D282E807700A84228 /* Sources */ = {
			isa = PBXSourcesBuildPhase;
			buildActionMask = 2147483647;
			files = (
				C21F9290282E823800A84228 /* ImagesCollectionViewController.swift in Sources */,
				C21F9294282E838B00A84228 /* Image.swift in Sources */,
				C21F92A2282E8B0F00A84228 /* ImageCollectionCellViewModel.swift in Sources */,
				C21F929E282E89F400A84228 /* ImageCollectionViewCell.swift in Sources */,
				C21F92A0282E8A6900A84228 /* PhotoView.swift in Sources */,
				C21F929C282E878B00A84228 /* imagesCollectionViewModel.swift in Sources */,
				C21F9279282E807700A84228 /* TabBarViewController.swift in Sources */,
				C21F9292282E835800A84228 /* NetworkManager.swift in Sources */,
				C21F9275282E807700A84228 /* AppDelegate.swift in Sources */,
				C21F9277282E807700A84228 /* SceneDelegate.swift in Sources */,
			);
			runOnlyForDeploymentPostprocessing = 0;
		};
/* End PBXSourcesBuildPhase section */

/* Begin XCBuildConfiguration section */
		C21F9283282E807800A84228 /* Debug */ = {
			isa = XCBuildConfiguration;
			buildSettings = {
				ALWAYS_SEARCH_USER_PATHS = NO;
				CLANG_ANALYZER_NONNULL = YES;
				CLANG_ANALYZER_NUMBER_OBJECT_CONVERSION = YES_AGGRESSIVE;
				CLANG_CXX_LANGUAGE_STANDARD = "gnu++17";
				CLANG_ENABLE_MODULES = YES;
				CLANG_ENABLE_OBJC_ARC = YES;
				CLANG_ENABLE_OBJC_WEAK = YES;
				CLANG_WARN_BLOCK_CAPTURE_AUTORELEASING = YES;
				CLANG_WARN_BOOL_CONVERSION = YES;
				CLANG_WARN_COMMA = YES;
				CLANG_WARN_CONSTANT_CONVERSION = YES;
				CLANG_WARN_DEPRECATED_OBJC_IMPLEMENTATIONS = YES;
				CLANG_WARN_DIRECT_OBJC_ISA_USAGE = YES_ERROR;
				CLANG_WARN_DOCUMENTATION_COMMENTS = YES;
				CLANG_WARN_EMPTY_BODY = YES;
				CLANG_WARN_ENUM_CONVERSION = YES;
				CLANG_WARN_INFINITE_RECURSION = YES;
				CLANG_WARN_INT_CONVERSION = YES;
				CLANG_WARN_NON_LITERAL_NULL_CONVERSION = YES;
				CLANG_WARN_OBJC_IMPLICIT_RETAIN_SELF = YES;
				CLANG_WARN_OBJC_LITERAL_CONVERSION = YES;
				CLANG_WARN_OBJC_ROOT_CLASS = YES_ERROR;
				CLANG_WARN_QUOTED_INCLUDE_IN_FRAMEWORK_HEADER = YES;
				CLANG_WARN_RANGE_LOOP_ANALYSIS = YES;
				CLANG_WARN_STRICT_PROTOTYPES = YES;
				CLANG_WARN_SUSPICIOUS_MOVE = YES;
				CLANG_WARN_UNGUARDED_AVAILABILITY = YES_AGGRESSIVE;
				CLANG_WARN_UNREACHABLE_CODE = YES;
				CLANG_WARN__DUPLICATE_METHOD_MATCH = YES;
				COPY_PHASE_STRIP = NO;
				DEBUG_INFORMATION_FORMAT = dwarf;
				ENABLE_STRICT_OBJC_MSGSEND = YES;
				ENABLE_TESTABILITY = YES;
				GCC_C_LANGUAGE_STANDARD = gnu11;
				GCC_DYNAMIC_NO_PIC = NO;
				GCC_NO_COMMON_BLOCKS = YES;
				GCC_OPTIMIZATION_LEVEL = 0;
				GCC_PREPROCESSOR_DEFINITIONS = (
					"DEBUG=1",
					"$(inherited)",
				);
				GCC_WARN_64_TO_32_BIT_CONVERSION = YES;
				GCC_WARN_ABOUT_RETURN_TYPE = YES_ERROR;
				GCC_WARN_UNDECLARED_SELECTOR = YES;
				GCC_WARN_UNINITIALIZED_AUTOS = YES_AGGRESSIVE;
				GCC_WARN_UNUSED_FUNCTION = YES;
				GCC_WARN_UNUSED_VARIABLE = YES;
				IPHONEOS_DEPLOYMENT_TARGET = 15.4;
				MTL_ENABLE_DEBUG_INFO = INCLUDE_SOURCE;
				MTL_FAST_MATH = YES;
				ONLY_ACTIVE_ARCH = YES;
				SDKROOT = iphoneos;
				SWIFT_ACTIVE_COMPILATION_CONDITIONS = DEBUG;
				SWIFT_OPTIMIZATION_LEVEL = "-Onone";
			};
			name = Debug;
		};
		C21F9284282E807800A84228 /* Release */ = {
			isa = XCBuildConfiguration;
			buildSettings = {
				ALWAYS_SEARCH_USER_PATHS = NO;
				CLANG_ANALYZER_NONNULL = YES;
				CLANG_ANALYZER_NUMBER_OBJECT_CONVERSION = YES_AGGRESSIVE;
				CLANG_CXX_LANGUAGE_STANDARD = "gnu++17";
				CLANG_ENABLE_MODULES = YES;
				CLANG_ENABLE_OBJC_ARC = YES;
				CLANG_ENABLE_OBJC_WEAK = YES;
				CLANG_WARN_BLOCK_CAPTURE_AUTORELEASING = YES;
				CLANG_WARN_BOOL_CONVERSION = YES;
				CLANG_WARN_COMMA = YES;
				CLANG_WARN_CONSTANT_CONVERSION = YES;
				CLANG_WARN_DEPRECATED_OBJC_IMPLEMENTATIONS = YES;
				CLANG_WARN_DIRECT_OBJC_ISA_USAGE = YES_ERROR;
				CLANG_WARN_DOCUMENTATION_COMMENTS = YES;
				CLANG_WARN_EMPTY_BODY = YES;
				CLANG_WARN_ENUM_CONVERSION = YES;
				CLANG_WARN_INFINITE_RECURSION = YES;
				CLANG_WARN_INT_CONVERSION = YES;
				CLANG_WARN_NON_LITERAL_NULL_CONVERSION = YES;
				CLANG_WARN_OBJC_IMPLICIT_RETAIN_SELF = YES;
				CLANG_WARN_OBJC_LITERAL_CONVERSION = YES;
				CLANG_WARN_OBJC_ROOT_CLASS = YES_ERROR;
				CLANG_WARN_QUOTED_INCLUDE_IN_FRAMEWORK_HEADER = YES;
				CLANG_WARN_RANGE_LOOP_ANALYSIS = YES;
				CLANG_WARN_STRICT_PROTOTYPES = YES;
				CLANG_WARN_SUSPICIOUS_MOVE = YES;
				CLANG_WARN_UNGUARDED_AVAILABILITY = YES_AGGRESSIVE;
				CLANG_WARN_UNREACHABLE_CODE = YES;
				CLANG_WARN__DUPLICATE_METHOD_MATCH = YES;
				COPY_PHASE_STRIP = NO;
				DEBUG_INFORMATION_FORMAT = "dwarf-with-dsym";
				ENABLE_NS_ASSERTIONS = NO;
				ENABLE_STRICT_OBJC_MSGSEND = YES;
				GCC_C_LANGUAGE_STANDARD = gnu11;
				GCC_NO_COMMON_BLOCKS = YES;
				GCC_WARN_64_TO_32_BIT_CONVERSION = YES;
				GCC_WARN_ABOUT_RETURN_TYPE = YES_ERROR;
				GCC_WARN_UNDECLARED_SELECTOR = YES;
				GCC_WARN_UNINITIALIZED_AUTOS = YES_AGGRESSIVE;
				GCC_WARN_UNUSED_FUNCTION = YES;
				GCC_WARN_UNUSED_VARIABLE = YES;
				IPHONEOS_DEPLOYMENT_TARGET = 15.4;
				MTL_ENABLE_DEBUG_INFO = NO;
				MTL_FAST_MATH = YES;
				SDKROOT = iphoneos;
				SWIFT_COMPILATION_MODE = wholemodule;
				SWIFT_OPTIMIZATION_LEVEL = "-O";
				VALIDATE_PRODUCT = YES;
			};
			name = Release;
		};
		C21F9286282E807800A84228 /* Debug */ = {
			isa = XCBuildConfiguration;
			buildSettings = {
				ASSETCATALOG_COMPILER_APPICON_NAME = AppIcon;
				ASSETCATALOG_COMPILER_GLOBAL_ACCENT_COLOR_NAME = AccentColor;
				CODE_SIGN_STYLE = Automatic;
				CURRENT_PROJECT_VERSION = 1;
				DEVELOPMENT_TEAM = 25CKWY7LZ9;
				GENERATE_INFOPLIST_FILE = YES;
				INFOPLIST_FILE = UnsplashAppMVVM/App/Info.plist;
				INFOPLIST_KEY_UIApplicationSupportsIndirectInputEvents = YES;
				INFOPLIST_KEY_UILaunchStoryboardName = LaunchScreen;
				INFOPLIST_KEY_UISupportedInterfaceOrientations_iPad = "UIInterfaceOrientationPortrait UIInterfaceOrientationPortraitUpsideDown UIInterfaceOrientationLandscapeLeft UIInterfaceOrientationLandscapeRight";
				INFOPLIST_KEY_UISupportedInterfaceOrientations_iPhone = "UIInterfaceOrientationPortrait UIInterfaceOrientationLandscapeLeft UIInterfaceOrientationLandscapeRight";
				LD_RUNPATH_SEARCH_PATHS = (
					"$(inherited)",
					"@executable_path/Frameworks",
				);
				MARKETING_VERSION = 1.0;
				PRODUCT_BUNDLE_IDENTIFIER = kz.dimawkoapps.UnsplashAppMVVM;
				PRODUCT_NAME = "$(TARGET_NAME)";
				SWIFT_EMIT_LOC_STRINGS = YES;
				SWIFT_VERSION = 5.0;
				TARGETED_DEVICE_FAMILY = "1,2";
			};
			name = Debug;
		};
		C21F9287282E807800A84228 /* Release */ = {
			isa = XCBuildConfiguration;
			buildSettings = {
				ASSETCATALOG_COMPILER_APPICON_NAME = AppIcon;
				ASSETCATALOG_COMPILER_GLOBAL_ACCENT_COLOR_NAME = AccentColor;
				CODE_SIGN_STYLE = Automatic;
				CURRENT_PROJECT_VERSION = 1;
				DEVELOPMENT_TEAM = 25CKWY7LZ9;
				GENERATE_INFOPLIST_FILE = YES;
				INFOPLIST_FILE = UnsplashAppMVVM/App/Info.plist;
				INFOPLIST_KEY_UIApplicationSupportsIndirectInputEvents = YES;
				INFOPLIST_KEY_UILaunchStoryboardName = LaunchScreen;
				INFOPLIST_KEY_UISupportedInterfaceOrientations_iPad = "UIInterfaceOrientationPortrait UIInterfaceOrientationPortraitUpsideDown UIInterfaceOrientationLandscapeLeft UIInterfaceOrientationLandscapeRight";
				INFOPLIST_KEY_UISupportedInterfaceOrientations_iPhone = "UIInterfaceOrientationPortrait UIInterfaceOrientationLandscapeLeft UIInterfaceOrientationLandscapeRight";
				LD_RUNPATH_SEARCH_PATHS = (
					"$(inherited)",
					"@executable_path/Frameworks",
				);
				MARKETING_VERSION = 1.0;
				PRODUCT_BUNDLE_IDENTIFIER = kz.dimawkoapps.UnsplashAppMVVM;
				PRODUCT_NAME = "$(TARGET_NAME)";
				SWIFT_EMIT_LOC_STRINGS = YES;
				SWIFT_VERSION = 5.0;
				TARGETED_DEVICE_FAMILY = "1,2";
			};
			name = Release;
		};
/* End XCBuildConfiguration section */

/* Begin XCConfigurationList section */
		C21F926C282E807700A84228 /* Build configuration list for PBXProject "UnsplashAppMVVM" */ = {
			isa = XCConfigurationList;
			buildConfigurations = (
				C21F9283282E807800A84228 /* Debug */,
				C21F9284282E807800A84228 /* Release */,
			);
			defaultConfigurationIsVisible = 0;
			defaultConfigurationName = Release;
		};
		C21F9285282E807800A84228 /* Build configuration list for PBXNativeTarget "UnsplashAppMVVM" */ = {
			isa = XCConfigurationList;
			buildConfigurations = (
				C21F9286282E807800A84228 /* Debug */,
				C21F9287282E807800A84228 /* Release */,
			);
			defaultConfigurationIsVisible = 0;
			defaultConfigurationName = Release;
		};
/* End XCConfigurationList section */

/* Begin XCRemoteSwiftPackageReference section */
		C21F9295282E840A00A84228 /* XCRemoteSwiftPackageReference "realm-swift" */ = {
			isa = XCRemoteSwiftPackageReference;
			repositoryURL = "https://github.com/realm/realm-swift.git";
			requirement = {
				kind = upToNextMajorVersion;
				minimumVersion = 10.0.0;
			};
		};
/* End XCRemoteSwiftPackageReference section */

/* Begin XCSwiftPackageProductDependency section */
		C21F9296282E840A00A84228 /* Realm */ = {
			isa = XCSwiftPackageProductDependency;
			package = C21F9295282E840A00A84228 /* XCRemoteSwiftPackageReference "realm-swift" */;
			productName = Realm;
		};
		C21F9298282E840A00A84228 /* RealmSwift */ = {
			isa = XCSwiftPackageProductDependency;
			package = C21F9295282E840A00A84228 /* XCRemoteSwiftPackageReference "realm-swift" */;
			productName = RealmSwift;
		};
/* End XCSwiftPackageProductDependency section */
	};
	rootObject = C21F9269282E807700A84228 /* Project object */;
}
